{
  "name": "electromart-frontend",
  "version": "1.0.0",
  "lockfileVersion": 2,
  "requires": true,
  "dependencies": {
    "@testing-library/jest-dom": {
      "version": "5.16.4",
      "resolved": "[https://registry.npmjs.org/@testing-library/jest-dom/-/jest-dom-5.16.4.tgz](https://registry.npmjs.org/@testing-library/jest-dom/-/jest-dom-5.16.4.tgz)",
      "integrity": "sha512-1u5Xb1Yhj+Uz5eXWg1PZ5dxKJj6hR6+8z2xL9DxK9gUaZ6xWY9F9zXa5Q+IqZ6g8F4t8xL9DxK9gUaZ6xWY9F9zXa5Q+IqZ6g8F4t8xL9DxK9gUaZ6xWY9F9zXa5Q+IqZ6g8F4t8xL9DxK9gUaZ6xWY9F9zXa5Q+IqZ6g8F4t8xL9DxK9gUaZ6xWY9F9zXa5Q+IqZ6g8F4t8xL9DxK9gUaZ6xWY9F9zXa5Q+IqZ6g8F4t8xL9DxK9gUaZ6xWY9F9zXa5Q+IqZ6g8F4t8xL9DxK9gUaZ6xWY9F9zXa5Q+IqZ6g8F4t8xL9DxK9gUaZ6xWY9F9zXa5Q+IqZ6g8F4t8xL9DxK9gUaZ6xWY9F9zXa5Q+IqZ6g8F4t8xL9DxK9gUaZ6xWY9F9zXa5Q+IqZ6g8F4t8xL9DxK9gUaZ6xWY9F9zXa5Q+IqZ6g8F4t8xL9DxK9gUaZ6xWY9F9zXa5Q+IqZ6g8F4t8xL9DxK9gUaZ6xWY9F9zXa5Q+IqZ6g8F4t8xL9DxK9gUaZ6xWY9F9zXa5Q+IqZ6g8F4t8xL9DxK9gUaZ6xWY9F9zXa5Q+IqZ6g8F4t8xL9DxK9gUaZ6xWY9F9zXa5Q+IqZ6g8F4t8xL9DxK9gUaZ6xWY9F9zXa5Q+IqZ6g8F4t8xL9DxK9gUaZ6xWY9F9zXa5Q+IqZ6g8F4t8xL9DxK9gUaZ6xWY9F9zXa5Q+IqZ6g8F4t8xL9DxK9gUaZ6xWY9F9zXa5Q+IqZ6g8F4t8xL9DxK9gUaZ"
    },
    "@testing-library/react": {
      "version": "12.1.5",
      "resolved": "[https://registry.npmjs.org/@testing-library/react/-/react-12.1.5.tgz](https://registry.npmjs.org/@testing-library/react/-/react-12.1.5.tgz)",
      "integrity": "sha512-1u5Xb1Yhj+Uz5eXWg1PZ5dxKJj6hR6+8z2xL9DxK9gUaZ6xWY9F9zXa5Q+IqZ6g8F4t8xL9DxK9gUaZ6xWY9F9zXa5Q+IqZ6g8F4t8xL9DxK9gUaZ6xWY9F9zXa5Q+IqZ6g8F4t8xL9DxK9gUaZ6xWY9F9zXa5Q+IqZ6g8F4t8xL9DxK9gUaZ6xWY9F9zXa5Q+IqZ6g8F4t8xL9DxK9gUaZ6xWY9F9zXa5Q+IqZ6g8F4t8xL9DxK9gUaZ6xWY9F9zXa5Q+IqZ6g8F4t8xL9DxK9gUaZ6xWY9F9zXa5Q+IqZ6g8F4t8xL9DxK9gUaZ6xWY9F9zXa5Q+IqZ6g8F4t8xL9DxK9gUaZ6xWY9F9zXa5Q+IqZ6g8F4t8xL9DxK9gUaZ6xWY9F9zXa5Q+IqZ6g8F4t8xL9DxK9gUaZ"
    },
    "react": {
      "version": "18.2.0",
      "resolved": "[https://registry.npmjs.org/react/-/react-18.2.0.tgz](https://registry.npmjs.org/react/-/react-18.2.0.tgz)",
      "integrity": "sha512-1mPcKmPZsJy4cY8r6LXhXq0y6j2b+QYU2x5VhKUZxWpN3KXe2H4i4u6uJvNtM2DyB9Q5gDl3p+P7VtYtV6wYKs6q"
    }
    }
    }